// !$*UTF8*$!
{
	archiveVersion = 1;
	classes = {
	};
	objectVersion = 56;
	objects = {

/* Begin PBXBuildFile section */
		A31F974D2BB6E5970029C02A /* StayFitApp.swift in Sources */ = {isa = PBXBuildFile; fileRef = A31F974C2BB6E5970029C02A /* StayFitApp.swift */; };
		A31F974F2BB6E5970029C02A /* ContentView.swift in Sources */ = {isa = PBXBuildFile; fileRef = A31F974E2BB6E5970029C02A /* ContentView.swift */; };
		A31F97512BB6E5990029C02A /* Assets.xcassets in Resources */ = {isa = PBXBuildFile; fileRef = A31F97502BB6E5990029C02A /* Assets.xcassets */; };
		A31F97542BB6E5990029C02A /* Preview Assets.xcassets in Resources */ = {isa = PBXBuildFile; fileRef = A31F97532BB6E5990029C02A /* Preview Assets.xcassets */; };
		A31F975C2BB6EC840029C02A /* LoginView.swift in Sources */ = {isa = PBXBuildFile; fileRef = A31F975B2BB6EC840029C02A /* LoginView.swift */; };
		A31F975F2BB6ECAE0029C02A /* SFTextField.swift in Sources */ = {isa = PBXBuildFile; fileRef = A31F975E2BB6ECAE0029C02A /* SFTextField.swift */; };
		A31F97612BB6ECC60029C02A /* SFColors.swift in Sources */ = {isa = PBXBuildFile; fileRef = A31F97602BB6ECC60029C02A /* SFColors.swift */; };
		A31F97662BB6F4FC0029C02A /* LoginViewModel.swift in Sources */ = {isa = PBXBuildFile; fileRef = A31F97652BB6F4FC0029C02A /* LoginViewModel.swift */; };
		A31F97682BB6F7BA0029C02A /* SFButton.swift in Sources */ = {isa = PBXBuildFile; fileRef = A31F97672BB6F7BA0029C02A /* SFButton.swift */; };
		A31F976A2BB6FC160029C02A /* SFFonts.swift in Sources */ = {isa = PBXBuildFile; fileRef = A31F97692BB6FC160029C02A /* SFFonts.swift */; };
		A31F976E2BB6FFE10029C02A /* SFErrorLabel.swift in Sources */ = {isa = PBXBuildFile; fileRef = A31F976D2BB6FFE10029C02A /* SFErrorLabel.swift */; };
		A32FB0E02BB745B7003E0BC6 /* SFSwitch.swift in Sources */ = {isa = PBXBuildFile; fileRef = A32FB0DF2BB745B7003E0BC6 /* SFSwitch.swift */; };
		A32FB0E22BB74A84003E0BC6 /* LoginViewModelMock.swift in Sources */ = {isa = PBXBuildFile; fileRef = A32FB0E12BB74A84003E0BC6 /* LoginViewModelMock.swift */; };
		A32FB0E42BB751E5003E0BC6 /* SFTabView.swift in Sources */ = {isa = PBXBuildFile; fileRef = A32FB0E32BB751E5003E0BC6 /* SFTabView.swift */; };
		A32FB0E62BB7526C003E0BC6 /* SFMenuView.swift in Sources */ = {isa = PBXBuildFile; fileRef = A32FB0E52BB7526C003E0BC6 /* SFMenuView.swift */; };
		A32FB0E82BB7527E003E0BC6 /* StatisticsView.swift in Sources */ = {isa = PBXBuildFile; fileRef = A32FB0E72BB7527E003E0BC6 /* StatisticsView.swift */; };
		A32FB0EA2BB75288003E0BC6 /* UserView.swift in Sources */ = {isa = PBXBuildFile; fileRef = A32FB0E92BB75288003E0BC6 /* UserView.swift */; };
		A32FB0ED2BB7652C003E0BC6 /* UserViewModel.swift in Sources */ = {isa = PBXBuildFile; fileRef = A32FB0EC2BB7652C003E0BC6 /* UserViewModel.swift */; };
		A32FB0EF2BB76667003E0BC6 /* UserViewModelMock.swift in Sources */ = {isa = PBXBuildFile; fileRef = A32FB0EE2BB76667003E0BC6 /* UserViewModelMock.swift */; };
		A32FB0F22BB821A1003E0BC6 /* StatisticsViewModel.swift in Sources */ = {isa = PBXBuildFile; fileRef = A32FB0F12BB821A1003E0BC6 /* StatisticsViewModel.swift */; };
		A32FB0F42BB82388003E0BC6 /* StatisticsViewModelMock.swift in Sources */ = {isa = PBXBuildFile; fileRef = A32FB0F32BB82388003E0BC6 /* StatisticsViewModelMock.swift */; };
		A32FB0F72BB82479003E0BC6 /* SFMenuViewModel.swift in Sources */ = {isa = PBXBuildFile; fileRef = A32FB0F62BB82479003E0BC6 /* SFMenuViewModel.swift */; };
		A32FB0F92BB82836003E0BC6 /* SFTypePicker.swift in Sources */ = {isa = PBXBuildFile; fileRef = A32FB0F82BB82836003E0BC6 /* SFTypePicker.swift */; };
		A32FB1002BB99A88003E0BC6 /* SFMenuViewModelMock.swift in Sources */ = {isa = PBXBuildFile; fileRef = A32FB0FF2BB99A88003E0BC6 /* SFMenuViewModelMock.swift */; };
		A32FB1022BB99C06003E0BC6 /* SFCrossButton.swift in Sources */ = {isa = PBXBuildFile; fileRef = A32FB1012BB99C06003E0BC6 /* SFCrossButton.swift */; };
		A32FB1052BB99FEC003E0BC6 /* SFDatePicker.swift in Sources */ = {isa = PBXBuildFile; fileRef = A32FB1042BB99FEC003E0BC6 /* SFDatePicker.swift */; };
		A32FB1072BB9A89C003E0BC6 /* TrainingItem.swift in Sources */ = {isa = PBXBuildFile; fileRef = A32FB1062BB9A89C003E0BC6 /* TrainingItem.swift */; };
		A32FB10B2BB9E859003E0BC6 /* SFTrainingItemView.swift in Sources */ = {isa = PBXBuildFile; fileRef = A32FB10A2BB9E859003E0BC6 /* SFTrainingItemView.swift */; };
		A32FB10D2BB9EDB5003E0BC6 /* TrainingType.swift in Sources */ = {isa = PBXBuildFile; fileRef = A32FB10C2BB9EDB5003E0BC6 /* TrainingType.swift */; };
		A32FB1102BBA076C003E0BC6 /* DateExtension.swift in Sources */ = {isa = PBXBuildFile; fileRef = A32FB10F2BBA076C003E0BC6 /* DateExtension.swift */; };
		A32FB1132BBB1138003E0BC6 /* TrainingDetailView.swift in Sources */ = {isa = PBXBuildFile; fileRef = A32FB1122BBB1138003E0BC6 /* TrainingDetailView.swift */; };
		A32FB1152BBB1198003E0BC6 /* TrainingDetailViewModel.swift in Sources */ = {isa = PBXBuildFile; fileRef = A32FB1142BBB1198003E0BC6 /* TrainingDetailViewModel.swift */; };
		A32FB1172BBB1293003E0BC6 /* TrainingDetailViewModelMock.swift in Sources */ = {isa = PBXBuildFile; fileRef = A32FB1162BBB1293003E0BC6 /* TrainingDetailViewModelMock.swift */; };
/* End PBXBuildFile section */

/* Begin PBXFileReference section */
		A31F97492BB6E5970029C02A /* StayFit.app */ = {isa = PBXFileReference; explicitFileType = wrapper.application; includeInIndex = 0; path = StayFit.app; sourceTree = BUILT_PRODUCTS_DIR; };
		A31F974C2BB6E5970029C02A /* StayFitApp.swift */ = {isa = PBXFileReference; lastKnownFileType = sourcecode.swift; path = StayFitApp.swift; sourceTree = "<group>"; };
		A31F974E2BB6E5970029C02A /* ContentView.swift */ = {isa = PBXFileReference; lastKnownFileType = sourcecode.swift; path = ContentView.swift; sourceTree = "<group>"; };
		A31F97502BB6E5990029C02A /* Assets.xcassets */ = {isa = PBXFileReference; lastKnownFileType = folder.assetcatalog; path = Assets.xcassets; sourceTree = "<group>"; };
		A31F97532BB6E5990029C02A /* Preview Assets.xcassets */ = {isa = PBXFileReference; lastKnownFileType = folder.assetcatalog; path = "Preview Assets.xcassets"; sourceTree = "<group>"; };
		A31F975B2BB6EC840029C02A /* LoginView.swift */ = {isa = PBXFileReference; lastKnownFileType = sourcecode.swift; path = LoginView.swift; sourceTree = "<group>"; };
		A31F975E2BB6ECAE0029C02A /* SFTextField.swift */ = {isa = PBXFileReference; lastKnownFileType = sourcecode.swift; path = SFTextField.swift; sourceTree = "<group>"; };
		A31F97602BB6ECC60029C02A /* SFColors.swift */ = {isa = PBXFileReference; lastKnownFileType = sourcecode.swift; path = SFColors.swift; sourceTree = "<group>"; };
		A31F97652BB6F4FC0029C02A /* LoginViewModel.swift */ = {isa = PBXFileReference; lastKnownFileType = sourcecode.swift; path = LoginViewModel.swift; sourceTree = "<group>"; };
		A31F97672BB6F7BA0029C02A /* SFButton.swift */ = {isa = PBXFileReference; lastKnownFileType = sourcecode.swift; path = SFButton.swift; sourceTree = "<group>"; };
		A31F97692BB6FC160029C02A /* SFFonts.swift */ = {isa = PBXFileReference; lastKnownFileType = sourcecode.swift; path = SFFonts.swift; sourceTree = "<group>"; };
		A31F976D2BB6FFE10029C02A /* SFErrorLabel.swift */ = {isa = PBXFileReference; lastKnownFileType = sourcecode.swift; path = SFErrorLabel.swift; sourceTree = "<group>"; };
		A32FB0DF2BB745B7003E0BC6 /* SFSwitch.swift */ = {isa = PBXFileReference; lastKnownFileType = sourcecode.swift; path = SFSwitch.swift; sourceTree = "<group>"; };
		A32FB0E12BB74A84003E0BC6 /* LoginViewModelMock.swift */ = {isa = PBXFileReference; lastKnownFileType = sourcecode.swift; path = LoginViewModelMock.swift; sourceTree = "<group>"; };
		A32FB0E32BB751E5003E0BC6 /* SFTabView.swift */ = {isa = PBXFileReference; lastKnownFileType = sourcecode.swift; path = SFTabView.swift; sourceTree = "<group>"; };
		A32FB0E52BB7526C003E0BC6 /* SFMenuView.swift */ = {isa = PBXFileReference; lastKnownFileType = sourcecode.swift; path = SFMenuView.swift; sourceTree = "<group>"; };
		A32FB0E72BB7527E003E0BC6 /* StatisticsView.swift */ = {isa = PBXFileReference; lastKnownFileType = sourcecode.swift; path = StatisticsView.swift; sourceTree = "<group>"; };
		A32FB0E92BB75288003E0BC6 /* UserView.swift */ = {isa = PBXFileReference; lastKnownFileType = sourcecode.swift; path = UserView.swift; sourceTree = "<group>"; };
		A32FB0EC2BB7652C003E0BC6 /* UserViewModel.swift */ = {isa = PBXFileReference; lastKnownFileType = sourcecode.swift; path = UserViewModel.swift; sourceTree = "<group>"; };
		A32FB0EE2BB76667003E0BC6 /* UserViewModelMock.swift */ = {isa = PBXFileReference; lastKnownFileType = sourcecode.swift; path = UserViewModelMock.swift; sourceTree = "<group>"; };
		A32FB0F12BB821A1003E0BC6 /* StatisticsViewModel.swift */ = {isa = PBXFileReference; lastKnownFileType = sourcecode.swift; path = StatisticsViewModel.swift; sourceTree = "<group>"; };
		A32FB0F32BB82388003E0BC6 /* StatisticsViewModelMock.swift */ = {isa = PBXFileReference; lastKnownFileType = sourcecode.swift; path = StatisticsViewModelMock.swift; sourceTree = "<group>"; };
		A32FB0F62BB82479003E0BC6 /* SFMenuViewModel.swift */ = {isa = PBXFileReference; lastKnownFileType = sourcecode.swift; path = SFMenuViewModel.swift; sourceTree = "<group>"; };
		A32FB0F82BB82836003E0BC6 /* SFTypePicker.swift */ = {isa = PBXFileReference; lastKnownFileType = sourcecode.swift; path = SFTypePicker.swift; sourceTree = "<group>"; };
		A32FB0FF2BB99A88003E0BC6 /* SFMenuViewModelMock.swift */ = {isa = PBXFileReference; lastKnownFileType = sourcecode.swift; path = SFMenuViewModelMock.swift; sourceTree = "<group>"; };
		A32FB1012BB99C06003E0BC6 /* SFCrossButton.swift */ = {isa = PBXFileReference; lastKnownFileType = sourcecode.swift; path = SFCrossButton.swift; sourceTree = "<group>"; };
		A32FB1042BB99FEC003E0BC6 /* SFDatePicker.swift */ = {isa = PBXFileReference; lastKnownFileType = sourcecode.swift; path = SFDatePicker.swift; sourceTree = "<group>"; };
		A32FB1062BB9A89C003E0BC6 /* TrainingItem.swift */ = {isa = PBXFileReference; lastKnownFileType = sourcecode.swift; path = TrainingItem.swift; sourceTree = "<group>"; };
		A32FB10A2BB9E859003E0BC6 /* SFTrainingItemView.swift */ = {isa = PBXFileReference; lastKnownFileType = sourcecode.swift; path = SFTrainingItemView.swift; sourceTree = "<group>"; };
		A32FB10C2BB9EDB5003E0BC6 /* TrainingType.swift */ = {isa = PBXFileReference; lastKnownFileType = sourcecode.swift; path = TrainingType.swift; sourceTree = "<group>"; };
		A32FB10F2BBA076C003E0BC6 /* DateExtension.swift */ = {isa = PBXFileReference; lastKnownFileType = sourcecode.swift; path = DateExtension.swift; sourceTree = "<group>"; };
		A32FB1122BBB1138003E0BC6 /* TrainingDetailView.swift */ = {isa = PBXFileReference; lastKnownFileType = sourcecode.swift; path = TrainingDetailView.swift; sourceTree = "<group>"; };
		A32FB1142BBB1198003E0BC6 /* TrainingDetailViewModel.swift */ = {isa = PBXFileReference; lastKnownFileType = sourcecode.swift; path = TrainingDetailViewModel.swift; sourceTree = "<group>"; };
		A32FB1162BBB1293003E0BC6 /* TrainingDetailViewModelMock.swift */ = {isa = PBXFileReference; lastKnownFileType = sourcecode.swift; path = TrainingDetailViewModelMock.swift; sourceTree = "<group>"; };
/* End PBXFileReference section */

/* Begin PBXFrameworksBuildPhase section */
		A31F97462BB6E5970029C02A /* Frameworks */ = {
			isa = PBXFrameworksBuildPhase;
			buildActionMask = 2147483647;
			files = (
			);
			runOnlyForDeploymentPostprocessing = 0;
		};
/* End PBXFrameworksBuildPhase section */

/* Begin PBXGroup section */
		A31F97402BB6E5970029C02A = {
			isa = PBXGroup;
			children = (
				A31F974B2BB6E5970029C02A /* StayFit */,
				A31F974A2BB6E5970029C02A /* Products */,
			);
			sourceTree = "<group>";
		};
		A31F974A2BB6E5970029C02A /* Products */ = {
			isa = PBXGroup;
			children = (
				A31F97492BB6E5970029C02A /* StayFit.app */,
			);
			name = Products;
			sourceTree = "<group>";
		};
		A31F974B2BB6E5970029C02A /* StayFit */ = {
			isa = PBXGroup;
			children = (
				A32409CA2BD4148E006C97DB /* New Group */,
				A32FB1112BBB111D003E0BC6 /* Detail */,
				A32FB0F52BB82466003E0BC6 /* Menu */,
				A32FB0F02BB76BAA003E0BC6 /* Statistics */,
				A32FB0EB2BB7616C003E0BC6 /* User */,
				A31F97622BB6ED820029C02A /* Core */,
				A31F975D2BB6EC900029C02A /* UI */,
				A31F975A2BB6EC770029C02A /* Login */,
				A31F974C2BB6E5970029C02A /* StayFitApp.swift */,
				A31F974E2BB6E5970029C02A /* ContentView.swift */,
				A31F97502BB6E5990029C02A /* Assets.xcassets */,
				A31F97522BB6E5990029C02A /* Preview Content */,
				A32FB0E32BB751E5003E0BC6 /* SFTabView.swift */,
			);
			path = StayFit;
			sourceTree = "<group>";
		};
		A31F97522BB6E5990029C02A /* Preview Content */ = {
			isa = PBXGroup;
			children = (
				A31F97532BB6E5990029C02A /* Preview Assets.xcassets */,
			);
			path = "Preview Content";
			sourceTree = "<group>";
		};
		A31F975A2BB6EC770029C02A /* Login */ = {
			isa = PBXGroup;
			children = (
				A31F975B2BB6EC840029C02A /* LoginView.swift */,
				A31F97652BB6F4FC0029C02A /* LoginViewModel.swift */,
				A32FB0E12BB74A84003E0BC6 /* LoginViewModelMock.swift */,
			);
			path = Login;
			sourceTree = "<group>";
		};
		A31F975D2BB6EC900029C02A /* UI */ = {
			isa = PBXGroup;
			children = (
				A32FB1032BB99FE1003E0BC6 /* SFPicker */,
				A31F975E2BB6ECAE0029C02A /* SFTextField.swift */,
				A31F97602BB6ECC60029C02A /* SFColors.swift */,
				A31F97672BB6F7BA0029C02A /* SFButton.swift */,
				A31F97692BB6FC160029C02A /* SFFonts.swift */,
				A31F976D2BB6FFE10029C02A /* SFErrorLabel.swift */,
				A32FB0DF2BB745B7003E0BC6 /* SFSwitch.swift */,
				A32FB1012BB99C06003E0BC6 /* SFCrossButton.swift */,
				A32FB10A2BB9E859003E0BC6 /* SFTrainingItemView.swift */,
			);
			path = UI;
			sourceTree = "<group>";
		};
		A31F97622BB6ED820029C02A /* Core */ = {
			isa = PBXGroup;
			children = (
				A32FB10E2BBA0763003E0BC6 /* Extension */,
				A32FB0FA2BB8A2AB003E0BC6 /* Model */,
			);
			path = Core;
			sourceTree = "<group>";
		};
		A32409CA2BD4148E006C97DB /* New Group */ = {
			isa = PBXGroup;
			children = (
			);
			path = "New Group";
			sourceTree = "<group>";
		};
		A32FB0EB2BB7616C003E0BC6 /* User */ = {
			isa = PBXGroup;
			children = (
				A32FB0E92BB75288003E0BC6 /* UserView.swift */,
				A32FB0EC2BB7652C003E0BC6 /* UserViewModel.swift */,
				A32FB0EE2BB76667003E0BC6 /* UserViewModelMock.swift */,
			);
			path = User;
			sourceTree = "<group>";
		};
		A32FB0F02BB76BAA003E0BC6 /* Statistics */ = {
			isa = PBXGroup;
			children = (
				A32FB0E72BB7527E003E0BC6 /* StatisticsView.swift */,
				A32FB0F12BB821A1003E0BC6 /* StatisticsViewModel.swift */,
				A32FB0F32BB82388003E0BC6 /* StatisticsViewModelMock.swift */,
			);
			path = Statistics;
			sourceTree = "<group>";
		};
		A32FB0F52BB82466003E0BC6 /* Menu */ = {
			isa = PBXGroup;
			children = (
				A32FB0E52BB7526C003E0BC6 /* SFMenuView.swift */,
				A32FB0F62BB82479003E0BC6 /* SFMenuViewModel.swift */,
				A32FB0FF2BB99A88003E0BC6 /* SFMenuViewModelMock.swift */,
			);
			path = Menu;
			sourceTree = "<group>";
		};
		A32FB0FA2BB8A2AB003E0BC6 /* Model */ = {
			isa = PBXGroup;
			children = (
				A32FB1062BB9A89C003E0BC6 /* TrainingItem.swift */,
				A32FB10C2BB9EDB5003E0BC6 /* TrainingType.swift */,
			);
			path = Model;
			sourceTree = "<group>";
		};
		A32FB1032BB99FE1003E0BC6 /* SFPicker */ = {
			isa = PBXGroup;
			children = (
				A32FB0F82BB82836003E0BC6 /* SFTypePicker.swift */,
				A32FB1042BB99FEC003E0BC6 /* SFDatePicker.swift */,
			);
			path = SFPicker;
			sourceTree = "<group>";
		};
		A32FB10E2BBA0763003E0BC6 /* Extension */ = {
			isa = PBXGroup;
			children = (
				A32FB10F2BBA076C003E0BC6 /* DateExtension.swift */,
			);
			path = Extension;
			sourceTree = "<group>";
		};
		A32FB1112BBB111D003E0BC6 /* Detail */ = {
			isa = PBXGroup;
			children = (
				A32FB1122BBB1138003E0BC6 /* TrainingDetailView.swift */,
				A32FB1142BBB1198003E0BC6 /* TrainingDetailViewModel.swift */,
				A32FB1162BBB1293003E0BC6 /* TrainingDetailViewModelMock.swift */,
			);
			path = Detail;
			sourceTree = "<group>";
		};
/* End PBXGroup section */

/* Begin PBXNativeTarget section */
		A31F97482BB6E5970029C02A /* StayFit */ = {
			isa = PBXNativeTarget;
			buildConfigurationList = A31F97572BB6E5990029C02A /* Build configuration list for PBXNativeTarget "StayFit" */;
			buildPhases = (
				A31F97452BB6E5970029C02A /* Sources */,
				A31F97462BB6E5970029C02A /* Frameworks */,
				A31F97472BB6E5970029C02A /* Resources */,
			);
			buildRules = (
			);
			dependencies = (
			);
			name = StayFit;
			productName = StayFit;
			productReference = A31F97492BB6E5970029C02A /* StayFit.app */;
			productType = "com.apple.product-type.application";
		};
/* End PBXNativeTarget section */

/* Begin PBXProject section */
		A31F97412BB6E5970029C02A /* Project object */ = {
			isa = PBXProject;
			attributes = {
				BuildIndependentTargetsInParallel = 1;
				LastSwiftUpdateCheck = 1530;
				LastUpgradeCheck = 1530;
				TargetAttributes = {
					A31F97482BB6E5970029C02A = {
						CreatedOnToolsVersion = 15.3;
					};
				};
			};
			buildConfigurationList = A31F97442BB6E5970029C02A /* Build configuration list for PBXProject "StayFit" */;
			compatibilityVersion = "Xcode 14.0";
			developmentRegion = en;
			hasScannedForEncodings = 0;
			knownRegions = (
				en,
				Base,
			);
			mainGroup = A31F97402BB6E5970029C02A;
			productRefGroup = A31F974A2BB6E5970029C02A /* Products */;
			projectDirPath = "";
			projectRoot = "";
			targets = (
				A31F97482BB6E5970029C02A /* StayFit */,
			);
		};
/* End PBXProject section */

/* Begin PBXResourcesBuildPhase section */
		A31F97472BB6E5970029C02A /* Resources */ = {
			isa = PBXResourcesBuildPhase;
			buildActionMask = 2147483647;
			files = (
				A31F97542BB6E5990029C02A /* Preview Assets.xcassets in Resources */,
				A31F97512BB6E5990029C02A /* Assets.xcassets in Resources */,
			);
			runOnlyForDeploymentPostprocessing = 0;
		};
/* End PBXResourcesBuildPhase section */

/* Begin PBXSourcesBuildPhase section */
		A31F97452BB6E5970029C02A /* Sources */ = {
			isa = PBXSourcesBuildPhase;
			buildActionMask = 2147483647;
			files = (
				A31F97612BB6ECC60029C02A /* SFColors.swift in Sources */,
				A32FB1102BBA076C003E0BC6 /* DateExtension.swift in Sources */,
				A32FB1132BBB1138003E0BC6 /* TrainingDetailView.swift in Sources */,
				A32FB0F42BB82388003E0BC6 /* StatisticsViewModelMock.swift in Sources */,
				A32FB1052BB99FEC003E0BC6 /* SFDatePicker.swift in Sources */,
				A31F975C2BB6EC840029C02A /* LoginView.swift in Sources */,
				A32FB0F92BB82836003E0BC6 /* SFTypePicker.swift in Sources */,
				A32FB1022BB99C06003E0BC6 /* SFCrossButton.swift in Sources */,
				A32FB0EF2BB76667003E0BC6 /* UserViewModelMock.swift in Sources */,
				A32FB1152BBB1198003E0BC6 /* TrainingDetailViewModel.swift in Sources */,
				A32FB0E22BB74A84003E0BC6 /* LoginViewModelMock.swift in Sources */,
				A32FB0E82BB7527E003E0BC6 /* StatisticsView.swift in Sources */,
				A32FB1002BB99A88003E0BC6 /* SFMenuViewModelMock.swift in Sources */,
				A32FB1172BBB1293003E0BC6 /* TrainingDetailViewModelMock.swift in Sources */,
				A31F976E2BB6FFE10029C02A /* SFErrorLabel.swift in Sources */,
				A31F97682BB6F7BA0029C02A /* SFButton.swift in Sources */,
				A32FB0E62BB7526C003E0BC6 /* SFMenuView.swift in Sources */,
				A32FB10D2BB9EDB5003E0BC6 /* TrainingType.swift in Sources */,
				A32FB0EA2BB75288003E0BC6 /* UserView.swift in Sources */,
				A32FB0F72BB82479003E0BC6 /* SFMenuViewModel.swift in Sources */,
				A31F976A2BB6FC160029C02A /* SFFonts.swift in Sources */,
				A32FB0ED2BB7652C003E0BC6 /* UserViewModel.swift in Sources */,
				A31F97662BB6F4FC0029C02A /* LoginViewModel.swift in Sources */,
				A31F974F2BB6E5970029C02A /* ContentView.swift in Sources */,
				A31F975F2BB6ECAE0029C02A /* SFTextField.swift in Sources */,
				A32FB0E42BB751E5003E0BC6 /* SFTabView.swift in Sources */,
				A32FB0E02BB745B7003E0BC6 /* SFSwitch.swift in Sources */,
				A32FB10B2BB9E859003E0BC6 /* SFTrainingItemView.swift in Sources */,
				A31F974D2BB6E5970029C02A /* StayFitApp.swift in Sources */,
				A32FB1072BB9A89C003E0BC6 /* TrainingItem.swift in Sources */,
				A32FB0F22BB821A1003E0BC6 /* StatisticsViewModel.swift in Sources */,
			);
			runOnlyForDeploymentPostprocessing = 0;
		};
/* End PBXSourcesBuildPhase section */

/* Begin XCBuildConfiguration section */
		A31F97552BB6E5990029C02A /* Debug */ = {
			isa = XCBuildConfiguration;
			buildSettings = {
				ALWAYS_SEARCH_USER_PATHS = NO;
				ASSETCATALOG_COMPILER_GENERATE_SWIFT_ASSET_SYMBOL_EXTENSIONS = YES;
				CLANG_ANALYZER_NONNULL = YES;
				CLANG_ANALYZER_NUMBER_OBJECT_CONVERSION = YES_AGGRESSIVE;
				CLANG_CXX_LANGUAGE_STANDARD = "gnu++20";
				CLANG_ENABLE_MODULES = YES;
				CLANG_ENABLE_OBJC_ARC = YES;
				CLANG_ENABLE_OBJC_WEAK = YES;
				CLANG_WARN_BLOCK_CAPTURE_AUTORELEASING = YES;
				CLANG_WARN_BOOL_CONVERSION = YES;
				CLANG_WARN_COMMA = YES;
				CLANG_WARN_CONSTANT_CONVERSION = YES;
				CLANG_WARN_DEPRECATED_OBJC_IMPLEMENTATIONS = YES;
				CLANG_WARN_DIRECT_OBJC_ISA_USAGE = YES_ERROR;
				CLANG_WARN_DOCUMENTATION_COMMENTS = YES;
				CLANG_WARN_EMPTY_BODY = YES;
				CLANG_WARN_ENUM_CONVERSION = YES;
				CLANG_WARN_INFINITE_RECURSION = YES;
				CLANG_WARN_INT_CONVERSION = YES;
				CLANG_WARN_NON_LITERAL_NULL_CONVERSION = YES;
				CLANG_WARN_OBJC_IMPLICIT_RETAIN_SELF = YES;
				CLANG_WARN_OBJC_LITERAL_CONVERSION = YES;
				CLANG_WARN_OBJC_ROOT_CLASS = YES_ERROR;
				CLANG_WARN_QUOTED_INCLUDE_IN_FRAMEWORK_HEADER = YES;
				CLANG_WARN_RANGE_LOOP_ANALYSIS = YES;
				CLANG_WARN_STRICT_PROTOTYPES = YES;
				CLANG_WARN_SUSPICIOUS_MOVE = YES;
				CLANG_WARN_UNGUARDED_AVAILABILITY = YES_AGGRESSIVE;
				CLANG_WARN_UNREACHABLE_CODE = YES;
				CLANG_WARN__DUPLICATE_METHOD_MATCH = YES;
				COPY_PHASE_STRIP = NO;
				DEBUG_INFORMATION_FORMAT = dwarf;
				ENABLE_STRICT_OBJC_MSGSEND = YES;
				ENABLE_TESTABILITY = YES;
				ENABLE_USER_SCRIPT_SANDBOXING = YES;
				GCC_C_LANGUAGE_STANDARD = gnu17;
				GCC_DYNAMIC_NO_PIC = NO;
				GCC_NO_COMMON_BLOCKS = YES;
				GCC_OPTIMIZATION_LEVEL = 0;
				GCC_PREPROCESSOR_DEFINITIONS = (
					"DEBUG=1",
					"$(inherited)",
				);
				GCC_WARN_64_TO_32_BIT_CONVERSION = YES;
				GCC_WARN_ABOUT_RETURN_TYPE = YES_ERROR;
				GCC_WARN_UNDECLARED_SELECTOR = YES;
				GCC_WARN_UNINITIALIZED_AUTOS = YES_AGGRESSIVE;
				GCC_WARN_UNUSED_FUNCTION = YES;
				GCC_WARN_UNUSED_VARIABLE = YES;
				IPHONEOS_DEPLOYMENT_TARGET = 17.4;
				LOCALIZATION_PREFERS_STRING_CATALOGS = YES;
				MTL_ENABLE_DEBUG_INFO = INCLUDE_SOURCE;
				MTL_FAST_MATH = YES;
				ONLY_ACTIVE_ARCH = YES;
				SDKROOT = iphoneos;
				SWIFT_ACTIVE_COMPILATION_CONDITIONS = "DEBUG $(inherited)";
				SWIFT_OPTIMIZATION_LEVEL = "-Onone";
			};
			name = Debug;
		};
		A31F97562BB6E5990029C02A /* Release */ = {
			isa = XCBuildConfiguration;
			buildSettings = {
				ALWAYS_SEARCH_USER_PATHS = NO;
				ASSETCATALOG_COMPILER_GENERATE_SWIFT_ASSET_SYMBOL_EXTENSIONS = YES;
				CLANG_ANALYZER_NONNULL = YES;
				CLANG_ANALYZER_NUMBER_OBJECT_CONVERSION = YES_AGGRESSIVE;
				CLANG_CXX_LANGUAGE_STANDARD = "gnu++20";
				CLANG_ENABLE_MODULES = YES;
				CLANG_ENABLE_OBJC_ARC = YES;
				CLANG_ENABLE_OBJC_WEAK = YES;
				CLANG_WARN_BLOCK_CAPTURE_AUTORELEASING = YES;
				CLANG_WARN_BOOL_CONVERSION = YES;
				CLANG_WARN_COMMA = YES;
				CLANG_WARN_CONSTANT_CONVERSION = YES;
				CLANG_WARN_DEPRECATED_OBJC_IMPLEMENTATIONS = YES;
				CLANG_WARN_DIRECT_OBJC_ISA_USAGE = YES_ERROR;
				CLANG_WARN_DOCUMENTATION_COMMENTS = YES;
				CLANG_WARN_EMPTY_BODY = YES;
				CLANG_WARN_ENUM_CONVERSION = YES;
				CLANG_WARN_INFINITE_RECURSION = YES;
				CLANG_WARN_INT_CONVERSION = YES;
				CLANG_WARN_NON_LITERAL_NULL_CONVERSION = YES;
				CLANG_WARN_OBJC_IMPLICIT_RETAIN_SELF = YES;
				CLANG_WARN_OBJC_LITERAL_CONVERSION = YES;
				CLANG_WARN_OBJC_ROOT_CLASS = YES_ERROR;
				CLANG_WARN_QUOTED_INCLUDE_IN_FRAMEWORK_HEADER = YES;
				CLANG_WARN_RANGE_LOOP_ANALYSIS = YES;
				CLANG_WARN_STRICT_PROTOTYPES = YES;
				CLANG_WARN_SUSPICIOUS_MOVE = YES;
				CLANG_WARN_UNGUARDED_AVAILABILITY = YES_AGGRESSIVE;
				CLANG_WARN_UNREACHABLE_CODE = YES;
				CLANG_WARN__DUPLICATE_METHOD_MATCH = YES;
				COPY_PHASE_STRIP = NO;
				DEBUG_INFORMATION_FORMAT = "dwarf-with-dsym";
				ENABLE_NS_ASSERTIONS = NO;
				ENABLE_STRICT_OBJC_MSGSEND = YES;
				ENABLE_USER_SCRIPT_SANDBOXING = YES;
				GCC_C_LANGUAGE_STANDARD = gnu17;
				GCC_NO_COMMON_BLOCKS = YES;
				GCC_WARN_64_TO_32_BIT_CONVERSION = YES;
				GCC_WARN_ABOUT_RETURN_TYPE = YES_ERROR;
				GCC_WARN_UNDECLARED_SELECTOR = YES;
				GCC_WARN_UNINITIALIZED_AUTOS = YES_AGGRESSIVE;
				GCC_WARN_UNUSED_FUNCTION = YES;
				GCC_WARN_UNUSED_VARIABLE = YES;
				IPHONEOS_DEPLOYMENT_TARGET = 17.4;
				LOCALIZATION_PREFERS_STRING_CATALOGS = YES;
				MTL_ENABLE_DEBUG_INFO = NO;
				MTL_FAST_MATH = YES;
				SDKROOT = iphoneos;
				SWIFT_COMPILATION_MODE = wholemodule;
				VALIDATE_PRODUCT = YES;
			};
			name = Release;
		};
		A31F97582BB6E5990029C02A /* Debug */ = {
			isa = XCBuildConfiguration;
			buildSettings = {
				ASSETCATALOG_COMPILER_APPICON_NAME = AppIcon;
				ASSETCATALOG_COMPILER_GLOBAL_ACCENT_COLOR_NAME = AccentColor;
				CODE_SIGN_STYLE = Automatic;
				CURRENT_PROJECT_VERSION = 1;
				DEVELOPMENT_ASSET_PATHS = "\"StayFit/Preview Content\"";
				DEVELOPMENT_TEAM = 6DLYAQP65H;
				ENABLE_PREVIEWS = YES;
				GENERATE_INFOPLIST_FILE = YES;
				INFOPLIST_KEY_UIApplicationSceneManifest_Generation = YES;
				INFOPLIST_KEY_UIApplicationSupportsIndirectInputEvents = YES;
				INFOPLIST_KEY_UILaunchScreen_Generation = YES;
				INFOPLIST_KEY_UISupportedInterfaceOrientations_iPad = "UIInterfaceOrientationPortrait UIInterfaceOrientationPortraitUpsideDown UIInterfaceOrientationLandscapeLeft UIInterfaceOrientationLandscapeRight";
				INFOPLIST_KEY_UISupportedInterfaceOrientations_iPhone = "UIInterfaceOrientationPortrait UIInterfaceOrientationLandscapeLeft UIInterfaceOrientationLandscapeRight";
				LD_RUNPATH_SEARCH_PATHS = (
					"$(inherited)",
					"@executable_path/Frameworks",
				);
				MARKETING_VERSION = 1.0;
				PRODUCT_BUNDLE_IDENTIFIER = com.nademvit.StayFit;
				PRODUCT_NAME = "$(TARGET_NAME)";
				SWIFT_EMIT_LOC_STRINGS = YES;
				SWIFT_VERSION = 5.0;
				TARGETED_DEVICE_FAMILY = "1,2";
			};
			name = Debug;
		};
		A31F97592BB6E5990029C02A /* Release */ = {
			isa = XCBuildConfiguration;
			buildSettings = {
				ASSETCATALOG_COMPILER_APPICON_NAME = AppIcon;
				ASSETCATALOG_COMPILER_GLOBAL_ACCENT_COLOR_NAME = AccentColor;
				CODE_SIGN_STYLE = Automatic;
				CURRENT_PROJECT_VERSION = 1;
				DEVELOPMENT_ASSET_PATHS = "\"StayFit/Preview Content\"";
				DEVELOPMENT_TEAM = 6DLYAQP65H;
				ENABLE_PREVIEWS = YES;
				GENERATE_INFOPLIST_FILE = YES;
				INFOPLIST_KEY_UIApplicationSceneManifest_Generation = YES;
				INFOPLIST_KEY_UIApplicationSupportsIndirectInputEvents = YES;
				INFOPLIST_KEY_UILaunchScreen_Generation = YES;
				INFOPLIST_KEY_UISupportedInterfaceOrientations_iPad = "UIInterfaceOrientationPortrait UIInterfaceOrientationPortraitUpsideDown UIInterfaceOrientationLandscapeLeft UIInterfaceOrientationLandscapeRight";
				INFOPLIST_KEY_UISupportedInterfaceOrientations_iPhone = "UIInterfaceOrientationPortrait UIInterfaceOrientationLandscapeLeft UIInterfaceOrientationLandscapeRight";
				LD_RUNPATH_SEARCH_PATHS = (
					"$(inherited)",
					"@executable_path/Frameworks",
				);
				MARKETING_VERSION = 1.0;
				PRODUCT_BUNDLE_IDENTIFIER = com.nademvit.StayFit;
				PRODUCT_NAME = "$(TARGET_NAME)";
				SWIFT_EMIT_LOC_STRINGS = YES;
				SWIFT_VERSION = 5.0;
				TARGETED_DEVICE_FAMILY = "1,2";
			};
			name = Release;
		};
/* End XCBuildConfiguration section */

/* Begin XCConfigurationList section */
		A31F97442BB6E5970029C02A /* Build configuration list for PBXProject "StayFit" */ = {
			isa = XCConfigurationList;
			buildConfigurations = (
				A31F97552BB6E5990029C02A /* Debug */,
				A31F97562BB6E5990029C02A /* Release */,
			);
			defaultConfigurationIsVisible = 0;
			defaultConfigurationName = Release;
		};
		A31F97572BB6E5990029C02A /* Build configuration list for PBXNativeTarget "StayFit" */ = {
			isa = XCConfigurationList;
			buildConfigurations = (
				A31F97582BB6E5990029C02A /* Debug */,
				A31F97592BB6E5990029C02A /* Release */,
			);
			defaultConfigurationIsVisible = 0;
			defaultConfigurationName = Release;
		};
/* End XCConfigurationList section */
	};
	rootObject = A31F97412BB6E5970029C02A /* Project object */;
}
